
Microsoft Visual Studio Solution File, Format Version 12.00
# Visual Studio 15
Project("{FAE04EC0-301F-11D3-BF4B-00C04F79EFBC}") = "RESTFUL.api", "RESTFUL.api.csproj", "{A25485E7-7201-4D45-A700-973EE493EEF7}"
EndProject
Global
	GlobalSection(SolutionConfigurationPlatforms) = preSolution
		Debug|Any CPU = Debug|Any CPU
		Release|Any CPU = Release|Any CPU
	EndGlobalSection
	GlobalSection(ProjectConfigurationPlatforms) = postSolution
		{A25485E7-7201-4D45-A700-973EE493EEF7}.Debug|Any CPU.ActiveCfg = Debug|Any CPU
		{A25485E7-7201-4D45-A700-973EE493EEF7}.Debug|Any CPU.Build.0 = Debug|Any CPU
		{A25485E7-7201-4D45-A700-973EE493EEF7}.Release|Any CPU.ActiveCfg = Release|Any CPU
		{A25485E7-7201-4D45-A700-973EE493EEF7}.Release|Any CPU.Build.0 = Release|Any CPU
	EndGlobalSection
	GlobalSection(MonoDevelopProperties) = preSolution
		Policies = $0
		$0.DotNetNamingPolicy = $1
		$1.DirectoryNamespaceAssociation = PrefixedHierarchical
		$0.VersionControlPolicy = $2
		$0.TextStylePolicy = $3
		$3.FileWidth = 80
		$3.TabsToSpaces = True
		$3.scope = text/x-csharp
		$0.CSharpFormattingPolicy = $4
		$4.scope = text/x-csharp
		$0.TextStylePolicy = $5
		$5.FileWidth = 80
		$5.TabsToSpaces = True
		$5.scope = text/plain
		$0.TextStylePolicy = $6
		$6.FileWidth = 100
		$6.TabsToSpaces = True
		$6.scope = text/x-web
		$0.StandardHeader = $7
		$0.TextStylePolicy = $8
		$8.scope = text/x-vs
		$8.FileWidth = 80
		$8.TabsToSpaces = True
		$0.TextStylePolicy = $9
		$9.TabWidth = 2
		$9.TabsToSpaces = True
		$9.IndentWidth = 2
		$9.NoTabsAfterNonTabs = True
		$9.scope = text/x-json
		$0.JSONFormattingPolicy = $10
		$10.AutoStructureCompletion = True
		$10.AutomaticFormatting = True
		$10.BracePositions = SemiExpanded
		$10.FormatOnPaste = True
		$10.scope = text/x-json
	EndGlobalSection
EndGlobal
